
Microsoft Visual Studio Solution File, Format Version 12.00
# Visual Studio Version 17
VisualStudioVersion = 17.4.33110.190
MinimumVisualStudioVersion = 10.0.40219.1
Project("{FAE04EC0-301F-11D3-BF4B-00C04F79EFBC}") = "BuildingMapForm", "ChatGPTTest\BuildingMapForm.csproj", "{1D66DA5B-0EBE-4917-A570-FD7E0FA44C47}"
EndProject
Global
	GlobalSection(SolutionConfigurationPlatforms) = preSolution
		Debug|Any CPU = Debug|Any CPU
		Release|Any CPU = Release|Any CPU
	EndGlobalSection
	GlobalSection(ProjectConfigurationPlatforms) = postSolution
		{1D66DA5B-0EBE-4917-A570-FD7E0FA44C47}.Debug|Any CPU.ActiveCfg = Debug|Any CPU
		{1D66DA5B-0EBE-4917-A570-FD7E0FA44C47}.Debug|Any CPU.Build.0 = Debug|Any CPU
		{1D66DA5B-0EBE-4917-A570-FD7E0FA44C47}.Release|Any CPU.ActiveCfg = Release|Any CPU
		{1D66DA5B-0EBE-4917-A570-FD7E0FA44C47}.Release|Any CPU.Build.0 = Release|Any CPU
	EndGlobalSection
	GlobalSection(SolutionProperties) = preSolution
		HideSolutionNode = FALSE
	EndGlobalSection
	GlobalSection(ExtensibilityGlobals) = postSolution
		SolutionGuid = {8055DA37-6AA5-4323-A700-82939D19623D}
	EndGlobalSection
EndGlobal
